# @generated - this file is auto-generated by `mise lock` https://mise.jdx.dev/dev-tools/mise-lock.html

[[tools.go]]
version = "1.26.1"
backend = "core:go"

[tools.go."platforms.linux-arm64"]
checksum = "sha256:a290581cfe4fe28ddd737dde3095f3dbeb7f2e4065cab4eae44dfc53b760c2f7"
url = "https://dl.google.com/go/go1.26.1.linux-arm64.tar.gz"

[tools.go."platforms.linux-arm64-musl"]
checksum = "sha256:a290581cfe4fe28ddd737dde3095f3dbeb7f2e4065cab4eae44dfc53b760c2f7"
url = "https://dl.google.com/go/go1.26.1.linux-arm64.tar.gz"

[tools.go."platforms.linux-x64"]
checksum = "sha256:031f088e5d955bab8657ede27ad4e3bc5b7c1ba281f05f245bcc304f327c987a"
url = "https://dl.google.com/go/go1.26.1.linux-amd64.tar.gz"

[tools.go."platforms.linux-x64-musl"]
checksum = "sha256:031f088e5d955bab8657ede27ad4e3bc5b7c1ba281f05f245bcc304f327c987a"
url = "https://dl.google.com/go/go1.26.1.linux-amd64.tar.gz"

[tools.go."platforms.macos-arm64"]
checksum = "sha256:353df43a7811ce284c8938b5f3c7df40b7bfb6f56cb165b150bc40b5e2dd541f"
url = "https://dl.google.com/go/go1.26.1.darwin-arm64.tar.gz"

[tools.go."platforms.macos-x64"]
checksum = "sha256:65773dab2f8cc4cd23d93ba6d0a805de150ca0b78378879292be0b903b8cdd08"
url = "https://dl.google.com/go/go1.26.1.darwin-amd64.tar.gz"

[tools.go."platforms.windows-x64"]
checksum = "sha256:9b68112c913f45b7aebbf13c036721264bbba7e03a642f8f7490c561eebd1ecc"
url = "https://dl.google.com/go/go1.26.1.windows-amd64.zip"

[[tools.golangci-lint]]
version = "2.11.4"
backend = "aqua:golangci/golangci-lint"

[tools.golangci-lint."platforms.linux-arm64"]
checksum = "sha256:3bcfa2e6f3d32b2bf5cd75eaa876447507025e0303698633f722a05331988db4"
url = "https://github.com/golangci/golangci-lint/releases/download/v2.11.4/golangci-lint-2.11.4-linux-arm64.tar.gz"

[tools.golangci-lint."platforms.linux-arm64-musl"]
checksum = "sha256:3bcfa2e6f3d32b2bf5cd75eaa876447507025e0303698633f722a05331988db4"
url = "https://github.com/golangci/golangci-lint/releases/download/v2.11.4/golangci-lint-2.11.4-linux-arm64.tar.gz"

[tools.golangci-lint."platforms.linux-x64"]
checksum = "sha256:200c5b7503f67b59a6743ccf32133026c174e272b930ee79aa2aa6f37aca7ef1"
url = "https://github.com/golangci/golangci-lint/releases/download/v2.11.4/golangci-lint-2.11.4-linux-amd64.tar.gz"
provenance = "github-attestations"

[tools.golangci-lint."platforms.linux-x64-musl"]
checksum = "sha256:200c5b7503f67b59a6743ccf32133026c174e272b930ee79aa2aa6f37aca7ef1"
url = "https://github.com/golangci/golangci-lint/releases/download/v2.11.4/golangci-lint-2.11.4-linux-amd64.tar.gz"

[tools.golangci-lint."platforms.macos-arm64"]
checksum = "sha256:02db2a2dae8b26812e53b0688a6f617e3ef1f489790e829ea22862cf76945675"
url = "https://github.com/golangci/golangci-lint/releases/download/v2.11.4/golangci-lint-2.11.4-darwin-arm64.tar.gz"

[tools.golangci-lint."platforms.macos-x64"]
checksum = "sha256:c900d4048db75d1edfd550fd11cf6a9b3008e7caa8e119fcddbc700412d63e60"
url = "https://github.com/golangci/golangci-lint/releases/download/v2.11.4/golangci-lint-2.11.4-darwin-amd64.tar.gz"

[tools.golangci-lint."platforms.windows-x64"]
checksum = "sha256:4932cfca5e75bf60fe1c576edf459e5e809e6644664a068185d64b84af3fad9e"
url = "https://github.com/golangci/golangci-lint/releases/download/v2.11.4/golangci-lint-2.11.4-windows-amd64.zip"

[[tools.goreleaser]]
version = "2.14.3"
backend = "aqua:goreleaser/goreleaser"

[tools.goreleaser."platforms.linux-arm64"]
checksum = "sha256:581a10e53c1176b3e81ee45cf531e02dbf899db0bc7b795669347df4276ce948"
url = "https://github.com/goreleaser/goreleaser/releases/download/v2.14.3/goreleaser_Linux_arm64.tar.gz"
provenance = "cosign"

[tools.goreleaser."platforms.linux-arm64-musl"]
checksum = "sha256:581a10e53c1176b3e81ee45cf531e02dbf899db0bc7b795669347df4276ce948"
url = "https://github.com/goreleaser/goreleaser/releases/download/v2.14.3/goreleaser_Linux_arm64.tar.gz"
provenance = "cosign"

[tools.goreleaser."platforms.linux-x64"]
checksum = "sha256:dc7faeeeb6da8bdfda788626263a4ae725892a8c7504b975c3234127d4a44579"
url = "https://github.com/goreleaser/goreleaser/releases/download/v2.14.3/goreleaser_Linux_x86_64.tar.gz"
provenance = "cosign"

[tools.goreleaser."platforms.linux-x64-musl"]
checksum = "sha256:dc7faeeeb6da8bdfda788626263a4ae725892a8c7504b975c3234127d4a44579"
url = "https://github.com/goreleaser/goreleaser/releases/download/v2.14.3/goreleaser_Linux_x86_64.tar.gz"
provenance = "cosign"

[tools.goreleaser."platforms.macos-arm64"]
checksum = "sha256:3507798489e107a78aff36b169de48148a335ac26eb3161608d905f3f3a957bd"
url = "https://github.com/goreleaser/goreleaser/releases/download/v2.14.3/goreleaser_Darwin_all.tar.gz"
provenance = "cosign"

[tools.goreleaser."platforms.macos-x64"]
checksum = "sha256:3507798489e107a78aff36b169de48148a335ac26eb3161608d905f3f3a957bd"
url = "https://github.com/goreleaser/goreleaser/releases/download/v2.14.3/goreleaser_Darwin_all.tar.gz"
provenance = "cosign"

[tools.goreleaser."platforms.windows-x64"]
checksum = "sha256:3deea8ff471aa258a2d99f3e5302971d7028647ae8ddaf103257a8113e485a31"
url = "https://github.com/goreleaser/goreleaser/releases/download/v2.14.3/goreleaser_Windows_x86_64.zip"
provenance = "cosign"

[[tools.helm]]
version = "4.1.3"
backend = "aqua:helm/helm"

[tools.helm."platforms.linux-arm64"]
checksum = "sha256:5db45e027cc8de4677ec869e5d803fc7631b0bab1c1eb62ac603a62d22359a43"
url = "https://get.helm.sh/helm-v4.1.3-linux-arm64.tar.gz"

[tools.helm."platforms.linux-arm64-musl"]
checksum = "sha256:5db45e027cc8de4677ec869e5d803fc7631b0bab1c1eb62ac603a62d22359a43"
url = "https://get.helm.sh/helm-v4.1.3-linux-arm64.tar.gz"

[tools.helm."platforms.linux-x64"]
checksum = "sha256:02ce9722d541238f81459938b84cf47df2fdf1187493b4bfb2346754d82a4700"
url = "https://get.helm.sh/helm-v4.1.3-linux-amd64.tar.gz"

[tools.helm."platforms.linux-x64-musl"]
checksum = "sha256:02ce9722d541238f81459938b84cf47df2fdf1187493b4bfb2346754d82a4700"
url = "https://get.helm.sh/helm-v4.1.3-linux-amd64.tar.gz"

[tools.helm."platforms.macos-arm64"]
checksum = "sha256:21c02fe2f7e27d08e24a6bf93103f9d2b25aab6f13f91814b2cfabc99b108a5e"
url = "https://get.helm.sh/helm-v4.1.3-darwin-arm64.tar.gz"

[tools.helm."platforms.macos-x64"]
checksum = "sha256:742132e11cc08a81c97f70180cd714ae8376f8c896247a7b14ae1f51838b5a0b"
url = "https://get.helm.sh/helm-v4.1.3-darwin-amd64.tar.gz"

[tools.helm."platforms.windows-x64"]
checksum = "sha256:fb8dc9b5c2f74456443a6a1bb431fe109d744151423133d921ec8a43b63cab90"
url = "https://get.helm.sh/helm-v4.1.3-windows-amd64.tar.gz"

[[tools.oras]]
version = "1.3.1"
backend = "aqua:oras-project/oras"

[tools.oras."platforms.linux-arm64"]
checksum = "sha256:79946ad57d732836f9242f903f476b6fa484c451d659f121bce54d931ab2a044"
url = "https://github.com/oras-project/oras/releases/download/v1.3.1/oras_1.3.1_linux_arm64.tar.gz"

[tools.oras."platforms.linux-arm64-musl"]
checksum = "sha256:79946ad57d732836f9242f903f476b6fa484c451d659f121bce54d931ab2a044"
url = "https://github.com/oras-project/oras/releases/download/v1.3.1/oras_1.3.1_linux_arm64.tar.gz"

[tools.oras."platforms.linux-x64"]
checksum = "sha256:d52c4af76ce6a3ceb8579e51fb751a43ac051cca67f965f973a0b0e897a2bb86"
url = "https://github.com/oras-project/oras/releases/download/v1.3.1/oras_1.3.1_linux_amd64.tar.gz"

[tools.oras."platforms.linux-x64-musl"]
checksum = "sha256:d52c4af76ce6a3ceb8579e51fb751a43ac051cca67f965f973a0b0e897a2bb86"
url = "https://github.com/oras-project/oras/releases/download/v1.3.1/oras_1.3.1_linux_amd64.tar.gz"

[tools.oras."platforms.macos-arm64"]
checksum = "sha256:d545a238f4c8be6dfae6c3d0ff5b09720c5588641d4a5180fb87c38a64500cc4"
url = "https://github.com/oras-project/oras/releases/download/v1.3.1/oras_1.3.1_darwin_arm64.tar.gz"

[tools.oras."platforms.macos-x64"]
checksum = "sha256:22b7d8947d32280283c2e1a2fabc59d3b3c3b3056ec070dabdfe016fda532e52"
url = "https://github.com/oras-project/oras/releases/download/v1.3.1/oras_1.3.1_darwin_amd64.tar.gz"

[tools.oras."platforms.windows-x64"]
checksum = "sha256:8cf69e46f966e592ad36261c05b8f59c02125743b7261c03f6badc3919b40cb0"
url = "https://github.com/oras-project/oras/releases/download/v1.3.1/oras_1.3.1_windows_amd64.zip"

[[tools.trivy]]
version = "0.69.2"
backend = "aqua:aquasecurity/trivy"

[tools.trivy."platforms.linux-arm64"]
checksum = "sha256:c73b97699c317b0d25532b3f188564b4e29d13d5472ce6f8eb078082546a6481"
url = "https://github.com/aquasecurity/trivy/releases/download/v0.69.2/trivy_0.69.2_Linux-ARM64.tar.gz"
provenance = "cosign"

[tools.trivy."platforms.linux-arm64-musl"]
checksum = "sha256:c73b97699c317b0d25532b3f188564b4e29d13d5472ce6f8eb078082546a6481"
url = "https://github.com/aquasecurity/trivy/releases/download/v0.69.2/trivy_0.69.2_Linux-ARM64.tar.gz"
provenance = "cosign"

[tools.trivy."platforms.linux-x64"]
checksum = "sha256:affa59a1e37d86e4b8ab2cd02f0ab2e63d22f1bf9cf6a7aa326c884e25e26ce3"
url = "https://github.com/aquasecurity/trivy/releases/download/v0.69.2/trivy_0.69.2_Linux-64bit.tar.gz"
provenance = "cosign"

[tools.trivy."platforms.linux-x64-musl"]
checksum = "sha256:affa59a1e37d86e4b8ab2cd02f0ab2e63d22f1bf9cf6a7aa326c884e25e26ce3"
url = "https://github.com/aquasecurity/trivy/releases/download/v0.69.2/trivy_0.69.2_Linux-64bit.tar.gz"
provenance = "cosign"

[tools.trivy."platforms.macos-arm64"]
checksum = "sha256:320c0e6af90b5733b9326da0834240e944c6f44091e50019abdf584237ff4d0c"
url = "https://github.com/aquasecurity/trivy/releases/download/v0.69.2/trivy_0.69.2_macOS-ARM64.tar.gz"
provenance = "cosign"

[tools.trivy."platforms.macos-x64"]
checksum = "sha256:41f6eac3ebe3a00448a16f08038b55ce769fe2d5128cb0d64bdf282cdad4831a"
url = "https://github.com/aquasecurity/trivy/releases/download/v0.69.2/trivy_0.69.2_macOS-64bit.tar.gz"
provenance = "cosign"

[tools.trivy."platforms.windows-x64"]
checksum = "sha256:d772fa7c3c1bc52d2914ff78107596fbd20010b5f18bec6f39d63ee3bb31ad45"
url = "https://github.com/aquasecurity/trivy/releases/download/v0.69.2/trivy_0.69.2_windows-64bit.zip"
provenance = "cosign"
